
Microsoft Visual Studio Solution File, Format Version 12.00
# Visual Studio Version 17
VisualStudioVersion = 17.4.33213.308
MinimumVisualStudioVersion = 10.0.40219.1
Project("{FAE04EC0-301F-11D3-BF4B-00C04F79EFBC}") = "Jumper_SviridovKE_PR-20.106", "Jumper_SviridovKE_PR-20.106\Jumper_SviridovKE_PR-20.106.csproj", "{D2288D06-A177-437F-ACF2-1805276B233B}"
EndProject
Global
	GlobalSection(SolutionConfigurationPlatforms) = preSolution
		Debug|Any CPU = Debug|Any CPU
		Release|Any CPU = Release|Any CPU
	EndGlobalSection
	GlobalSection(ProjectConfigurationPlatforms) = postSolution
		{D2288D06-A177-437F-ACF2-1805276B233B}.Debug|Any CPU.ActiveCfg = Debug|Any CPU
		{D2288D06-A177-437F-ACF2-1805276B233B}.Debug|Any CPU.Build.0 = Debug|Any CPU
		{D2288D06-A177-437F-ACF2-1805276B233B}.Release|Any CPU.ActiveCfg = Release|Any CPU
		{D2288D06-A177-437F-ACF2-1805276B233B}.Release|Any CPU.Build.0 = Release|Any CPU
	EndGlobalSection
	GlobalSection(SolutionProperties) = preSolution
		HideSolutionNode = FALSE
	EndGlobalSection
	GlobalSection(ExtensibilityGlobals) = postSolution
		SolutionGuid = {F698F414-4873-408D-8FAE-83E9E7C44DE4}
	EndGlobalSection
EndGlobal
